
Microsoft Visual Studio Solution File, Format Version 12.00
# Visual Studio Version 17
VisualStudioVersion = 17.5.002.0
MinimumVisualStudioVersion = 10.0.40219.1
Project("{9A19103F-16F7-4668-BE54-9A1E7A4F7556}") = "server", "server.csproj", "{8D55563C-7DCA-433F-84F0-7B0615D8B795}"
EndProject
Global
	GlobalSection(SolutionConfigurationPlatforms) = preSolution
		Debug|Any CPU = Debug|Any CPU
		Release|Any CPU = Release|Any CPU
	EndGlobalSection
	GlobalSection(ProjectConfigurationPlatforms) = postSolution
		{8D55563C-7DCA-433F-84F0-7B0615D8B795}.Debug|Any CPU.ActiveCfg = Debug|Any CPU
		{8D55563C-7DCA-433F-84F0-7B0615D8B795}.Debug|Any CPU.Build.0 = Debug|Any CPU
		{8D55563C-7DCA-433F-84F0-7B0615D8B795}.Release|Any CPU.ActiveCfg = Release|Any CPU
		{8D55563C-7DCA-433F-84F0-7B0615D8B795}.Release|Any CPU.Build.0 = Release|Any CPU
	EndGlobalSection
	GlobalSection(SolutionProperties) = preSolution
		HideSolutionNode = FALSE
	EndGlobalSection
	GlobalSection(ExtensibilityGlobals) = postSolution
		SolutionGuid = {9800990D-21A9-49F5-9B4D-60CBF335CA25}
	EndGlobalSection
EndGlobal
